<Solution>
  <Configurations>
    <Platform Name="Any CPU" />
    <Platform Name="x64" />
    <Platform Name="x86" />
  </Configurations>
  <Folder Name="/src/">
    <Project Path="src/GestaoOrcamentos.Web/GestaoOrcamentos.Web.csproj" />
  </Folder>
  <Folder Name="/tests/">
    <Project Path="tests/GestaoOrcamentos.Tests/GestaoOrcamentos.Tests.csproj" />
  </Folder>
</Solution>
